// !$*UTF8*$!
{
	archiveVersion = 1;
	classes = {
	};
	objectVersion = 50;
	objects = {

/* Begin PBXBuildFile section */
		6D6DDDF5223505A200D26EF4 /* AppDelegate.swift in Sources */ = {isa = PBXBuildFile; fileRef = 6D6DDDF4223505A200D26EF4 /* AppDelegate.swift */; };
		6D6DDDF7223505A200D26EF4 /* ViewController.swift in Sources */ = {isa = PBXBuildFile; fileRef = 6D6DDDF6223505A200D26EF4 /* ViewController.swift */; };
		6D6DDDFA223505A200D26EF4 /* Main.storyboard in Resources */ = {isa = PBXBuildFile; fileRef = 6D6DDDF8223505A200D26EF4 /* Main.storyboard */; };
		6D6DDDFC223505A600D26EF4 /* Assets.xcassets in Resources */ = {isa = PBXBuildFile; fileRef = 6D6DDDFB223505A600D26EF4 /* Assets.xcassets */; };
		6D6DDDFF223505A600D26EF4 /* LaunchScreen.storyboard in Resources */ = {isa = PBXBuildFile; fileRef = 6D6DDDFD223505A600D26EF4 /* LaunchScreen.storyboard */; };
		6D6DDE0A223505A700D26EF4 /* MVC_PatternTests.swift in Sources */ = {isa = PBXBuildFile; fileRef = 6D6DDE09223505A700D26EF4 /* MVC_PatternTests.swift */; };
		6D6DDE15223505A700D26EF4 /* MVC_PatternUITests.swift in Sources */ = {isa = PBXBuildFile; fileRef = 6D6DDE14223505A700D26EF4 /* MVC_PatternUITests.swift */; };
		6D6DDE26223505F000D26EF4 /* Task.swift in Sources */ = {isa = PBXBuildFile; fileRef = 6D6DDE25223505F000D26EF4 /* Task.swift */; };
		6D6DDE292236ABD100D26EF4 /* TaskDataSourse.swift in Sources */ = {isa = PBXBuildFile; fileRef = 6D6DDE282236ABD100D26EF4 /* TaskDataSourse.swift */; };
		6D6DDE2B2236AD3700D26EF4 /* TaskListCell.swift in Sources */ = {isa = PBXBuildFile; fileRef = 6D6DDE2A2236AD3700D26EF4 /* TaskListCell.swift */; };
		6D6DDE862239273600D26EF4 /* TaskListViewController.swift in Sources */ = {isa = PBXBuildFile; fileRef = 6D6DDE852239273600D26EF4 /* TaskListViewController.swift */; };
		6D6DDE8822411F3600D26EF4 /* CreateTaskViewController.swift in Sources */ = {isa = PBXBuildFile; fileRef = 6D6DDE8722411F3600D26EF4 /* CreateTaskViewController.swift */; };
		6D6DDE8A2241221100D26EF4 /* CreateTaskView.swift in Sources */ = {isa = PBXBuildFile; fileRef = 6D6DDE892241221100D26EF4 /* CreateTaskView.swift */; };
/* End PBXBuildFile section */

/* Begin PBXContainerItemProxy section */
		6D6DDE06223505A700D26EF4 /* PBXContainerItemProxy */ = {
			isa = PBXContainerItemProxy;
			containerPortal = 6D6DDDE9223505A200D26EF4 /* Project object */;
			proxyType = 1;
			remoteGlobalIDString = 6D6DDDF0223505A200D26EF4;
			remoteInfo = "MVC-Pattern";
		};
		6D6DDE11223505A700D26EF4 /* PBXContainerItemProxy */ = {
			isa = PBXContainerItemProxy;
			containerPortal = 6D6DDDE9223505A200D26EF4 /* Project object */;
			proxyType = 1;
			remoteGlobalIDString = 6D6DDDF0223505A200D26EF4;
			remoteInfo = "MVC-Pattern";
		};
/* End PBXContainerItemProxy section */

/* Begin PBXFileReference section */
		6D6DDDF1223505A200D26EF4 /* MVC-Pattern.app */ = {isa = PBXFileReference; explicitFileType = wrapper.application; includeInIndex = 0; path = "MVC-Pattern.app"; sourceTree = BUILT_PRODUCTS_DIR; };
		6D6DDDF4223505A200D26EF4 /* AppDelegate.swift */ = {isa = PBXFileReference; lastKnownFileType = sourcecode.swift; path = AppDelegate.swift; sourceTree = "<group>"; };
		6D6DDDF6223505A200D26EF4 /* ViewController.swift */ = {isa = PBXFileReference; lastKnownFileType = sourcecode.swift; path = ViewController.swift; sourceTree = "<group>"; };
		6D6DDDF9223505A200D26EF4 /* Base */ = {isa = PBXFileReference; lastKnownFileType = file.storyboard; name = Base; path = Base.lproj/Main.storyboard; sourceTree = "<group>"; };
		6D6DDDFB223505A600D26EF4 /* Assets.xcassets */ = {isa = PBXFileReference; lastKnownFileType = folder.assetcatalog; path = Assets.xcassets; sourceTree = "<group>"; };
		6D6DDDFE223505A600D26EF4 /* Base */ = {isa = PBXFileReference; lastKnownFileType = file.storyboard; name = Base; path = Base.lproj/LaunchScreen.storyboard; sourceTree = "<group>"; };
		6D6DDE00223505A600D26EF4 /* Info.plist */ = {isa = PBXFileReference; lastKnownFileType = text.plist.xml; path = Info.plist; sourceTree = "<group>"; };
		6D6DDE05223505A700D26EF4 /* MVC-PatternTests.xctest */ = {isa = PBXFileReference; explicitFileType = wrapper.cfbundle; includeInIndex = 0; path = "MVC-PatternTests.xctest"; sourceTree = BUILT_PRODUCTS_DIR; };
		6D6DDE09223505A700D26EF4 /* MVC_PatternTests.swift */ = {isa = PBXFileReference; lastKnownFileType = sourcecode.swift; path = MVC_PatternTests.swift; sourceTree = "<group>"; };
		6D6DDE0B223505A700D26EF4 /* Info.plist */ = {isa = PBXFileReference; lastKnownFileType = text.plist.xml; path = Info.plist; sourceTree = "<group>"; };
		6D6DDE10223505A700D26EF4 /* MVC-PatternUITests.xctest */ = {isa = PBXFileReference; explicitFileType = wrapper.cfbundle; includeInIndex = 0; path = "MVC-PatternUITests.xctest"; sourceTree = BUILT_PRODUCTS_DIR; };
		6D6DDE14223505A700D26EF4 /* MVC_PatternUITests.swift */ = {isa = PBXFileReference; lastKnownFileType = sourcecode.swift; path = MVC_PatternUITests.swift; sourceTree = "<group>"; };
		6D6DDE16223505A700D26EF4 /* Info.plist */ = {isa = PBXFileReference; lastKnownFileType = text.plist.xml; path = Info.plist; sourceTree = "<group>"; };
		6D6DDE25223505F000D26EF4 /* Task.swift */ = {isa = PBXFileReference; lastKnownFileType = sourcecode.swift; path = Task.swift; sourceTree = "<group>"; };
		6D6DDE282236ABD100D26EF4 /* TaskDataSourse.swift */ = {isa = PBXFileReference; lastKnownFileType = sourcecode.swift; path = TaskDataSourse.swift; sourceTree = "<group>"; };
		6D6DDE2A2236AD3700D26EF4 /* TaskListCell.swift */ = {isa = PBXFileReference; lastKnownFileType = sourcecode.swift; path = TaskListCell.swift; sourceTree = "<group>"; };
		6D6DDE852239273600D26EF4 /* TaskListViewController.swift */ = {isa = PBXFileReference; lastKnownFileType = sourcecode.swift; path = TaskListViewController.swift; sourceTree = "<group>"; };
		6D6DDE8722411F3600D26EF4 /* CreateTaskViewController.swift */ = {isa = PBXFileReference; lastKnownFileType = sourcecode.swift; path = CreateTaskViewController.swift; sourceTree = "<group>"; };
		6D6DDE892241221100D26EF4 /* CreateTaskView.swift */ = {isa = PBXFileReference; lastKnownFileType = sourcecode.swift; path = CreateTaskView.swift; sourceTree = "<group>"; };
/* End PBXFileReference section */

/* Begin PBXFrameworksBuildPhase section */
		6D6DDDEE223505A200D26EF4 /* Frameworks */ = {
			isa = PBXFrameworksBuildPhase;
			buildActionMask = 2147483647;
			files = (
			);
			runOnlyForDeploymentPostprocessing = 0;
		};
		6D6DDE02223505A700D26EF4 /* Frameworks */ = {
			isa = PBXFrameworksBuildPhase;
			buildActionMask = 2147483647;
			files = (
			);
			runOnlyForDeploymentPostprocessing = 0;
		};
		6D6DDE0D223505A700D26EF4 /* Frameworks */ = {
			isa = PBXFrameworksBuildPhase;
			buildActionMask = 2147483647;
			files = (
			);
			runOnlyForDeploymentPostprocessing = 0;
		};
/* End PBXFrameworksBuildPhase section */

/* Begin PBXGroup section */
		6D6DDDE8223505A200D26EF4 = {
			isa = PBXGroup;
			children = (
				6D6DDDF3223505A200D26EF4 /* MVC-Pattern */,
				6D6DDE08223505A700D26EF4 /* MVC-PatternTests */,
				6D6DDE13223505A700D26EF4 /* MVC-PatternUITests */,
				6D6DDDF2223505A200D26EF4 /* Products */,
			);
			sourceTree = "<group>";
		};
		6D6DDDF2223505A200D26EF4 /* Products */ = {
			isa = PBXGroup;
			children = (
				6D6DDDF1223505A200D26EF4 /* MVC-Pattern.app */,
				6D6DDE05223505A700D26EF4 /* MVC-PatternTests.xctest */,
				6D6DDE10223505A700D26EF4 /* MVC-PatternUITests.xctest */,
			);
			name = Products;
			sourceTree = "<group>";
		};
		6D6DDDF3223505A200D26EF4 /* MVC-Pattern */ = {
			isa = PBXGroup;
			children = (
				6D6DDE24223505D100D26EF4 /* Model */,
				6D6DDE23223505CD00D26EF4 /* View */,
				6D6DDE22223505C800D26EF4 /* Controller */,
				6D6DDDF4223505A200D26EF4 /* AppDelegate.swift */,
				6D6DDDF6223505A200D26EF4 /* ViewController.swift */,
				6D6DDDF8223505A200D26EF4 /* Main.storyboard */,
				6D6DDDFB223505A600D26EF4 /* Assets.xcassets */,
				6D6DDDFD223505A600D26EF4 /* LaunchScreen.storyboard */,
				6D6DDE00223505A600D26EF4 /* Info.plist */,
			);
			path = "MVC-Pattern";
			sourceTree = "<group>";
		};
		6D6DDE08223505A700D26EF4 /* MVC-PatternTests */ = {
			isa = PBXGroup;
			children = (
				6D6DDE09223505A700D26EF4 /* MVC_PatternTests.swift */,
				6D6DDE0B223505A700D26EF4 /* Info.plist */,
			);
			path = "MVC-PatternTests";
			sourceTree = "<group>";
		};
		6D6DDE13223505A700D26EF4 /* MVC-PatternUITests */ = {
			isa = PBXGroup;
			children = (
				6D6DDE14223505A700D26EF4 /* MVC_PatternUITests.swift */,
				6D6DDE16223505A700D26EF4 /* Info.plist */,
			);
			path = "MVC-PatternUITests";
			sourceTree = "<group>";
		};
		6D6DDE22223505C800D26EF4 /* Controller */ = {
			isa = PBXGroup;
			children = (
				6D6DDE852239273600D26EF4 /* TaskListViewController.swift */,
				6D6DDE8722411F3600D26EF4 /* CreateTaskViewController.swift */,
			);
			path = Controller;
			sourceTree = "<group>";
		};
		6D6DDE23223505CD00D26EF4 /* View */ = {
			isa = PBXGroup;
			children = (
				6D6DDE2A2236AD3700D26EF4 /* TaskListCell.swift */,
				6D6DDE892241221100D26EF4 /* CreateTaskView.swift */,
			);
			path = View;
			sourceTree = "<group>";
		};
		6D6DDE24223505D100D26EF4 /* Model */ = {
			isa = PBXGroup;
			children = (
				6D6DDE25223505F000D26EF4 /* Task.swift */,
				6D6DDE282236ABD100D26EF4 /* TaskDataSourse.swift */,
			);
			path = Model;
			sourceTree = "<group>";
		};
/* End PBXGroup section */

/* Begin PBXNativeTarget section */
		6D6DDDF0223505A200D26EF4 /* MVC-Pattern */ = {
			isa = PBXNativeTarget;
			buildConfigurationList = 6D6DDE19223505A700D26EF4 /* Build configuration list for PBXNativeTarget "MVC-Pattern" */;
			buildPhases = (
				6D6DDDED223505A200D26EF4 /* Sources */,
				6D6DDDEE223505A200D26EF4 /* Frameworks */,
				6D6DDDEF223505A200D26EF4 /* Resources */,
			);
			buildRules = (
			);
			dependencies = (
			);
			name = "MVC-Pattern";
			productName = "MVC-Pattern";
			productReference = 6D6DDDF1223505A200D26EF4 /* MVC-Pattern.app */;
			productType = "com.apple.product-type.application";
		};
		6D6DDE04223505A700D26EF4 /* MVC-PatternTests */ = {
			isa = PBXNativeTarget;
			buildConfigurationList = 6D6DDE1C223505A700D26EF4 /* Build configuration list for PBXNativeTarget "MVC-PatternTests" */;
			buildPhases = (
				6D6DDE01223505A700D26EF4 /* Sources */,
				6D6DDE02223505A700D26EF4 /* Frameworks */,
				6D6DDE03223505A700D26EF4 /* Resources */,
			);
			buildRules = (
			);
			dependencies = (
				6D6DDE07223505A700D26EF4 /* PBXTargetDependency */,
			);
			name = "MVC-PatternTests";
			productName = "MVC-PatternTests";
			productReference = 6D6DDE05223505A700D26EF4 /* MVC-PatternTests.xctest */;
			productType = "com.apple.product-type.bundle.unit-test";
		};
		6D6DDE0F223505A700D26EF4 /* MVC-PatternUITests */ = {
			isa = PBXNativeTarget;
			buildConfigurationList = 6D6DDE1F223505A700D26EF4 /* Build configuration list for PBXNativeTarget "MVC-PatternUITests" */;
			buildPhases = (
				6D6DDE0C223505A700D26EF4 /* Sources */,
				6D6DDE0D223505A700D26EF4 /* Frameworks */,
				6D6DDE0E223505A700D26EF4 /* Resources */,
			);
			buildRules = (
			);
			dependencies = (
				6D6DDE12223505A700D26EF4 /* PBXTargetDependency */,
			);
			name = "MVC-PatternUITests";
			productName = "MVC-PatternUITests";
			productReference = 6D6DDE10223505A700D26EF4 /* MVC-PatternUITests.xctest */;
			productType = "com.apple.product-type.bundle.ui-testing";
		};
/* End PBXNativeTarget section */

/* Begin PBXProject section */
		6D6DDDE9223505A200D26EF4 /* Project object */ = {
			isa = PBXProject;
			attributes = {
				LastSwiftUpdateCheck = 1010;
				LastUpgradeCheck = 1010;
				ORGANIZATIONNAME = "渡邊丈洋";
				TargetAttributes = {
					6D6DDDF0223505A200D26EF4 = {
						CreatedOnToolsVersion = 10.1;
					};
					6D6DDE04223505A700D26EF4 = {
						CreatedOnToolsVersion = 10.1;
						TestTargetID = 6D6DDDF0223505A200D26EF4;
					};
					6D6DDE0F223505A700D26EF4 = {
						CreatedOnToolsVersion = 10.1;
						TestTargetID = 6D6DDDF0223505A200D26EF4;
					};
				};
			};
			buildConfigurationList = 6D6DDDEC223505A200D26EF4 /* Build configuration list for PBXProject "MVC-Pattern" */;
			compatibilityVersion = "Xcode 9.3";
			developmentRegion = en;
			hasScannedForEncodings = 0;
			knownRegions = (
				en,
				Base,
			);
			mainGroup = 6D6DDDE8223505A200D26EF4;
			productRefGroup = 6D6DDDF2223505A200D26EF4 /* Products */;
			projectDirPath = "";
			projectRoot = "";
			targets = (
				6D6DDDF0223505A200D26EF4 /* MVC-Pattern */,
				6D6DDE04223505A700D26EF4 /* MVC-PatternTests */,
				6D6DDE0F223505A700D26EF4 /* MVC-PatternUITests */,
			);
		};
/* End PBXProject section */

/* Begin PBXResourcesBuildPhase section */
		6D6DDDEF223505A200D26EF4 /* Resources */ = {
			isa = PBXResourcesBuildPhase;
			buildActionMask = 2147483647;
			files = (
				6D6DDDFF223505A600D26EF4 /* LaunchScreen.storyboard in Resources */,
				6D6DDDFC223505A600D26EF4 /* Assets.xcassets in Resources */,
				6D6DDDFA223505A200D26EF4 /* Main.storyboard in Resources */,
			);
			runOnlyForDeploymentPostprocessing = 0;
		};
		6D6DDE03223505A700D26EF4 /* Resources */ = {
			isa = PBXResourcesBuildPhase;
			buildActionMask = 2147483647;
			files = (
			);
			runOnlyForDeploymentPostprocessing = 0;
		};
		6D6DDE0E223505A700D26EF4 /* Resources */ = {
			isa = PBXResourcesBuildPhase;
			buildActionMask = 2147483647;
			files = (
			);
			runOnlyForDeploymentPostprocessing = 0;
		};
/* End PBXResourcesBuildPhase section */

/* Begin PBXSourcesBuildPhase section */
		6D6DDDED223505A200D26EF4 /* Sources */ = {
			isa = PBXSourcesBuildPhase;
			buildActionMask = 2147483647;
			files = (
				6D6DDDF7223505A200D26EF4 /* ViewController.swift in Sources */,
				6D6DDE8A2241221100D26EF4 /* CreateTaskView.swift in Sources */,
				6D6DDE2B2236AD3700D26EF4 /* TaskListCell.swift in Sources */,
				6D6DDE292236ABD100D26EF4 /* TaskDataSourse.swift in Sources */,
				6D6DDE26223505F000D26EF4 /* Task.swift in Sources */,
				6D6DDDF5223505A200D26EF4 /* AppDelegate.swift in Sources */,
				6D6DDE862239273600D26EF4 /* TaskListViewController.swift in Sources */,
				6D6DDE8822411F3600D26EF4 /* CreateTaskViewController.swift in Sources */,
			);
			runOnlyForDeploymentPostprocessing = 0;
		};
		6D6DDE01223505A700D26EF4 /* Sources */ = {
			isa = PBXSourcesBuildPhase;
			buildActionMask = 2147483647;
			files = (
				6D6DDE0A223505A700D26EF4 /* MVC_PatternTests.swift in Sources */,
			);
			runOnlyForDeploymentPostprocessing = 0;
		};
		6D6DDE0C223505A700D26EF4 /* Sources */ = {
			isa = PBXSourcesBuildPhase;
			buildActionMask = 2147483647;
			files = (
				6D6DDE15223505A700D26EF4 /* MVC_PatternUITests.swift in Sources */,
			);
			runOnlyForDeploymentPostprocessing = 0;
		};
/* End PBXSourcesBuildPhase section */

/* Begin PBXTargetDependency section */
		6D6DDE07223505A700D26EF4 /* PBXTargetDependency */ = {
			isa = PBXTargetDependency;
			target = 6D6DDDF0223505A200D26EF4 /* MVC-Pattern */;
			targetProxy = 6D6DDE06223505A700D26EF4 /* PBXContainerItemProxy */;
		};
		6D6DDE12223505A700D26EF4 /* PBXTargetDependency */ = {
			isa = PBXTargetDependency;
			target = 6D6DDDF0223505A200D26EF4 /* MVC-Pattern */;
			targetProxy = 6D6DDE11223505A700D26EF4 /* PBXContainerItemProxy */;
		};
/* End PBXTargetDependency section */

/* Begin PBXVariantGroup section */
		6D6DDDF8223505A200D26EF4 /* Main.storyboard */ = {
			isa = PBXVariantGroup;
			children = (
				6D6DDDF9223505A200D26EF4 /* Base */,
			);
			name = Main.storyboard;
			sourceTree = "<group>";
		};
		6D6DDDFD223505A600D26EF4 /* LaunchScreen.storyboard */ = {
			isa = PBXVariantGroup;
			children = (
				6D6DDDFE223505A600D26EF4 /* Base */,
			);
			name = LaunchScreen.storyboard;
			sourceTree = "<group>";
		};
/* End PBXVariantGroup section */

/* Begin XCBuildConfiguration section */
		6D6DDE17223505A700D26EF4 /* Debug */ = {
			isa = XCBuildConfiguration;
			buildSettings = {
				ALWAYS_SEARCH_USER_PATHS = NO;
				CLANG_ANALYZER_NONNULL = YES;
				CLANG_ANALYZER_NUMBER_OBJECT_CONVERSION = YES_AGGRESSIVE;
				CLANG_CXX_LANGUAGE_STANDARD = "gnu++14";
				CLANG_CXX_LIBRARY = "libc++";
				CLANG_ENABLE_MODULES = YES;
				CLANG_ENABLE_OBJC_ARC = YES;
				CLANG_ENABLE_OBJC_WEAK = YES;
				CLANG_WARN_BLOCK_CAPTURE_AUTORELEASING = YES;
				CLANG_WARN_BOOL_CONVERSION = YES;
				CLANG_WARN_COMMA = YES;
				CLANG_WARN_CONSTANT_CONVERSION = YES;
				CLANG_WARN_DEPRECATED_OBJC_IMPLEMENTATIONS = YES;
				CLANG_WARN_DIRECT_OBJC_ISA_USAGE = YES_ERROR;
				CLANG_WARN_DOCUMENTATION_COMMENTS = YES;
				CLANG_WARN_EMPTY_BODY = YES;
				CLANG_WARN_ENUM_CONVERSION = YES;
				CLANG_WARN_INFINITE_RECURSION = YES;
				CLANG_WARN_INT_CONVERSION = YES;
				CLANG_WARN_NON_LITERAL_NULL_CONVERSION = YES;
				CLANG_WARN_OBJC_IMPLICIT_RETAIN_SELF = YES;
				CLANG_WARN_OBJC_LITERAL_CONVERSION = YES;
				CLANG_WARN_OBJC_ROOT_CLASS = YES_ERROR;
				CLANG_WARN_RANGE_LOOP_ANALYSIS = YES;
				CLANG_WARN_STRICT_PROTOTYPES = YES;
				CLANG_WARN_SUSPICIOUS_MOVE = YES;
				CLANG_WARN_UNGUARDED_AVAILABILITY = YES_AGGRESSIVE;
				CLANG_WARN_UNREACHABLE_CODE = YES;
				CLANG_WARN__DUPLICATE_METHOD_MATCH = YES;
				CODE_SIGN_IDENTITY = "iPhone Developer";
				COPY_PHASE_STRIP = NO;
				DEBUG_INFORMATION_FORMAT = dwarf;
				ENABLE_STRICT_OBJC_MSGSEND = YES;
				ENABLE_TESTABILITY = YES;
				GCC_C_LANGUAGE_STANDARD = gnu11;
				GCC_DYNAMIC_NO_PIC = NO;
				GCC_NO_COMMON_BLOCKS = YES;
				GCC_OPTIMIZATION_LEVEL = 0;
				GCC_PREPROCESSOR_DEFINITIONS = (
					"DEBUG=1",
					"$(inherited)",
				);
				GCC_WARN_64_TO_32_BIT_CONVERSION = YES;
				GCC_WARN_ABOUT_RETURN_TYPE = YES_ERROR;
				GCC_WARN_UNDECLARED_SELECTOR = YES;
				GCC_WARN_UNINITIALIZED_AUTOS = YES_AGGRESSIVE;
				GCC_WARN_UNUSED_FUNCTION = YES;
				GCC_WARN_UNUSED_VARIABLE = YES;
				IPHONEOS_DEPLOYMENT_TARGET = 12.1;
				MTL_ENABLE_DEBUG_INFO = INCLUDE_SOURCE;
				MTL_FAST_MATH = YES;
				ONLY_ACTIVE_ARCH = YES;
				SDKROOT = iphoneos;
				SWIFT_ACTIVE_COMPILATION_CONDITIONS = DEBUG;
				SWIFT_OPTIMIZATION_LEVEL = "-Onone";
			};
			name = Debug;
		};
		6D6DDE18223505A700D26EF4 /* Release */ = {
			isa = XCBuildConfiguration;
			buildSettings = {
				ALWAYS_SEARCH_USER_PATHS = NO;
				CLANG_ANALYZER_NONNULL = YES;
				CLANG_ANALYZER_NUMBER_OBJECT_CONVERSION = YES_AGGRESSIVE;
				CLANG_CXX_LANGUAGE_STANDARD = "gnu++14";
				CLANG_CXX_LIBRARY = "libc++";
				CLANG_ENABLE_MODULES = YES;
				CLANG_ENABLE_OBJC_ARC = YES;
				CLANG_ENABLE_OBJC_WEAK = YES;
				CLANG_WARN_BLOCK_CAPTURE_AUTORELEASING = YES;
				CLANG_WARN_BOOL_CONVERSION = YES;
				CLANG_WARN_COMMA = YES;
				CLANG_WARN_CONSTANT_CONVERSION = YES;
				CLANG_WARN_DEPRECATED_OBJC_IMPLEMENTATIONS = YES;
				CLANG_WARN_DIRECT_OBJC_ISA_USAGE = YES_ERROR;
				CLANG_WARN_DOCUMENTATION_COMMENTS = YES;
				CLANG_WARN_EMPTY_BODY = YES;
				CLANG_WARN_ENUM_CONVERSION = YES;
				CLANG_WARN_INFINITE_RECURSION = YES;
				CLANG_WARN_INT_CONVERSION = YES;
				CLANG_WARN_NON_LITERAL_NULL_CONVERSION = YES;
				CLANG_WARN_OBJC_IMPLICIT_RETAIN_SELF = YES;
				CLANG_WARN_OBJC_LITERAL_CONVERSION = YES;
				CLANG_WARN_OBJC_ROOT_CLASS = YES_ERROR;
				CLANG_WARN_RANGE_LOOP_ANALYSIS = YES;
				CLANG_WARN_STRICT_PROTOTYPES = YES;
				CLANG_WARN_SUSPICIOUS_MOVE = YES;
				CLANG_WARN_UNGUARDED_AVAILABILITY = YES_AGGRESSIVE;
				CLANG_WARN_UNREACHABLE_CODE = YES;
				CLANG_WARN__DUPLICATE_METHOD_MATCH = YES;
				CODE_SIGN_IDENTITY = "iPhone Developer";
				COPY_PHASE_STRIP = NO;
				DEBUG_INFORMATION_FORMAT = "dwarf-with-dsym";
				ENABLE_NS_ASSERTIONS = NO;
				ENABLE_STRICT_OBJC_MSGSEND = YES;
				GCC_C_LANGUAGE_STANDARD = gnu11;
				GCC_NO_COMMON_BLOCKS = YES;
				GCC_WARN_64_TO_32_BIT_CONVERSION = YES;
				GCC_WARN_ABOUT_RETURN_TYPE = YES_ERROR;
				GCC_WARN_UNDECLARED_SELECTOR = YES;
				GCC_WARN_UNINITIALIZED_AUTOS = YES_AGGRESSIVE;
				GCC_WARN_UNUSED_FUNCTION = YES;
				GCC_WARN_UNUSED_VARIABLE = YES;
				IPHONEOS_DEPLOYMENT_TARGET = 12.1;
				MTL_ENABLE_DEBUG_INFO = NO;
				MTL_FAST_MATH = YES;
				SDKROOT = iphoneos;
				SWIFT_COMPILATION_MODE = wholemodule;
				SWIFT_OPTIMIZATION_LEVEL = "-O";
				VALIDATE_PRODUCT = YES;
			};
			name = Release;
		};
		6D6DDE1A223505A700D26EF4 /* Debug */ = {
			isa = XCBuildConfiguration;
			buildSettings = {
				ASSETCATALOG_COMPILER_APPICON_NAME = AppIcon;
				CODE_SIGN_STYLE = Automatic;
				DEVELOPMENT_TEAM = WE75VTX439;
				INFOPLIST_FILE = "MVC-Pattern/Info.plist";
				LD_RUNPATH_SEARCH_PATHS = (
					"$(inherited)",
					"@executable_path/Frameworks",
				);
				PRODUCT_BUNDLE_IDENTIFIER = "com.tkhr.MVC-Pattern";
				PRODUCT_NAME = "$(TARGET_NAME)";
				SWIFT_VERSION = 4.2;
				TARGETED_DEVICE_FAMILY = "1,2";
			};
			name = Debug;
		};
		6D6DDE1B223505A700D26EF4 /* Release */ = {
			isa = XCBuildConfiguration;
			buildSettings = {
				ASSETCATALOG_COMPILER_APPICON_NAME = AppIcon;
				CODE_SIGN_STYLE = Automatic;
				DEVELOPMENT_TEAM = WE75VTX439;
				INFOPLIST_FILE = "MVC-Pattern/Info.plist";
				LD_RUNPATH_SEARCH_PATHS = (
					"$(inherited)",
					"@executable_path/Frameworks",
				);
				PRODUCT_BUNDLE_IDENTIFIER = "com.tkhr.MVC-Pattern";
				PRODUCT_NAME = "$(TARGET_NAME)";
				SWIFT_VERSION = 4.2;
				TARGETED_DEVICE_FAMILY = "1,2";
			};
			name = Release;
		};
		6D6DDE1D223505A700D26EF4 /* Debug */ = {
			isa = XCBuildConfiguration;
			buildSettings = {
				ALWAYS_EMBED_SWIFT_STANDARD_LIBRARIES = YES;
				BUNDLE_LOADER = "$(TEST_HOST)";
				CODE_SIGN_STYLE = Automatic;
				DEVELOPMENT_TEAM = WE75VTX439;
				INFOPLIST_FILE = "MVC-PatternTests/Info.plist";
				LD_RUNPATH_SEARCH_PATHS = (
					"$(inherited)",
					"@executable_path/Frameworks",
					"@loader_path/Frameworks",
				);
				PRODUCT_BUNDLE_IDENTIFIER = "com.tkhr.MVC-PatternTests";
				PRODUCT_NAME = "$(TARGET_NAME)";
				SWIFT_VERSION = 4.2;
				TARGETED_DEVICE_FAMILY = "1,2";
				TEST_HOST = "$(BUILT_PRODUCTS_DIR)/MVC-Pattern.app/MVC-Pattern";
			};
			name = Debug;
		};
		6D6DDE1E223505A700D26EF4 /* Release */ = {
			isa = XCBuildConfiguration;
			buildSettings = {
				ALWAYS_EMBED_SWIFT_STANDARD_LIBRARIES = YES;
				BUNDLE_LOADER = "$(TEST_HOST)";
				CODE_SIGN_STYLE = Automatic;
				DEVELOPMENT_TEAM = WE75VTX439;
				INFOPLIST_FILE = "MVC-PatternTests/Info.plist";
				LD_RUNPATH_SEARCH_PATHS = (
					"$(inherited)",
					"@executable_path/Frameworks",
					"@loader_path/Frameworks",
				);
				PRODUCT_BUNDLE_IDENTIFIER = "com.tkhr.MVC-PatternTests";
				PRODUCT_NAME = "$(TARGET_NAME)";
				SWIFT_VERSION = 4.2;
				TARGETED_DEVICE_FAMILY = "1,2";
				TEST_HOST = "$(BUILT_PRODUCTS_DIR)/MVC-Pattern.app/MVC-Pattern";
			};
			name = Release;
		};
		6D6DDE20223505A700D26EF4 /* Debug */ = {
			isa = XCBuildConfiguration;
			buildSettings = {
				ALWAYS_EMBED_SWIFT_STANDARD_LIBRARIES = YES;
				CODE_SIGN_STYLE = Automatic;
				DEVELOPMENT_TEAM = WE75VTX439;
				INFOPLIST_FILE = "MVC-PatternUITests/Info.plist";
				LD_RUNPATH_SEARCH_PATHS = (
					"$(inherited)",
					"@executable_path/Frameworks",
					"@loader_path/Frameworks",
				);
				PRODUCT_BUNDLE_IDENTIFIER = "com.tkhr.MVC-PatternUITests";
				PRODUCT_NAME = "$(TARGET_NAME)";
				SWIFT_VERSION = 4.2;
				TARGETED_DEVICE_FAMILY = "1,2";
				TEST_TARGET_NAME = "MVC-Pattern";
			};
			name = Debug;
		};
		6D6DDE21223505A700D26EF4 /* Release */ = {
			isa = XCBuildConfiguration;
			buildSettings = {
				ALWAYS_EMBED_SWIFT_STANDARD_LIBRARIES = YES;
				CODE_SIGN_STYLE = Automatic;
				DEVELOPMENT_TEAM = WE75VTX439;
				INFOPLIST_FILE = "MVC-PatternUITests/Info.plist";
				LD_RUNPATH_SEARCH_PATHS = (
					"$(inherited)",
					"@executable_path/Frameworks",
					"@loader_path/Frameworks",
				);
				PRODUCT_BUNDLE_IDENTIFIER = "com.tkhr.MVC-PatternUITests";
				PRODUCT_NAME = "$(TARGET_NAME)";
				SWIFT_VERSION = 4.2;
				TARGETED_DEVICE_FAMILY = "1,2";
				TEST_TARGET_NAME = "MVC-Pattern";
			};
			name = Release;
		};
/* End XCBuildConfiguration section */

/* Begin XCConfigurationList section */
		6D6DDDEC223505A200D26EF4 /* Build configuration list for PBXProject "MVC-Pattern" */ = {
			isa = XCConfigurationList;
			buildConfigurations = (
				6D6DDE17223505A700D26EF4 /* Debug */,
				6D6DDE18223505A700D26EF4 /* Release */,
			);
			defaultConfigurationIsVisible = 0;
			defaultConfigurationName = Release;
		};
		6D6DDE19223505A700D26EF4 /* Build configuration list for PBXNativeTarget "MVC-Pattern" */ = {
			isa = XCConfigurationList;
			buildConfigurations = (
				6D6DDE1A223505A700D26EF4 /* Debug */,
				6D6DDE1B223505A700D26EF4 /* Release */,
			);
			defaultConfigurationIsVisible = 0;
			defaultConfigurationName = Release;
		};
		6D6DDE1C223505A700D26EF4 /* Build configuration list for PBXNativeTarget "MVC-PatternTests" */ = {
			isa = XCConfigurationList;
			buildConfigurations = (
				6D6DDE1D223505A700D26EF4 /* Debug */,
				6D6DDE1E223505A700D26EF4 /* Release */,
			);
			defaultConfigurationIsVisible = 0;
			defaultConfigurationName = Release;
		};
		6D6DDE1F223505A700D26EF4 /* Build configuration list for PBXNativeTarget "MVC-PatternUITests" */ = {
			isa = XCConfigurationList;
			buildConfigurations = (
				6D6DDE20223505A700D26EF4 /* Debug */,
				6D6DDE21223505A700D26EF4 /* Release */,
			);
			defaultConfigurationIsVisible = 0;
			defaultConfigurationName = Release;
		};
/* End XCConfigurationList section */
	};
	rootObject = 6D6DDDE9223505A200D26EF4 /* Project object */;
}
